
Microsoft Visual Studio Solution File, Format Version 12.00
# Visual Studio 15
VisualStudioVersion = 15.0.27703.2026
MinimumVisualStudioVersion = 10.0.40219.1
Project("{FAE04EC0-301F-11D3-BF4B-00C04F79EFBC}") = "Opgave1_FooBar", "Opgave1_FooBar\Opgave1_FooBar.csproj", "{89EB6CBB-A8DB-4891-B827-0FBDC98253F6}"
EndProject
Global
	GlobalSection(SolutionConfigurationPlatforms) = preSolution
		Debug|Any CPU = Debug|Any CPU
		Release|Any CPU = Release|Any CPU
	EndGlobalSection
	GlobalSection(ProjectConfigurationPlatforms) = postSolution
		{89EB6CBB-A8DB-4891-B827-0FBDC98253F6}.Debug|Any CPU.ActiveCfg = Debug|Any CPU
		{89EB6CBB-A8DB-4891-B827-0FBDC98253F6}.Debug|Any CPU.Build.0 = Debug|Any CPU
		{89EB6CBB-A8DB-4891-B827-0FBDC98253F6}.Release|Any CPU.ActiveCfg = Release|Any CPU
		{89EB6CBB-A8DB-4891-B827-0FBDC98253F6}.Release|Any CPU.Build.0 = Release|Any CPU
	EndGlobalSection
	GlobalSection(SolutionProperties) = preSolution
		HideSolutionNode = FALSE
	EndGlobalSection
	GlobalSection(ExtensibilityGlobals) = postSolution
		SolutionGuid = {87D142E4-6EE8-4671-804B-DEBF1403E2BA}
	EndGlobalSection
EndGlobal
