
Microsoft Visual Studio Solution File, Format Version 12.00
# Visual Studio 15
VisualStudioVersion = 15.0.27703.2035
MinimumVisualStudioVersion = 10.0.40219.1
Project("{FAE04EC0-301F-11D3-BF4B-00C04F79EFBC}") = "Ex1_Unscramble", "Ex1_Unscramble\Ex1_Unscramble.csproj", "{521A630F-29D0-4A6C-B2DD-29ECB9FCA234}"
EndProject
Global
	GlobalSection(SolutionConfigurationPlatforms) = preSolution
		Debug|Any CPU = Debug|Any CPU
		Release|Any CPU = Release|Any CPU
	EndGlobalSection
	GlobalSection(ProjectConfigurationPlatforms) = postSolution
		{521A630F-29D0-4A6C-B2DD-29ECB9FCA234}.Debug|Any CPU.ActiveCfg = Debug|Any CPU
		{521A630F-29D0-4A6C-B2DD-29ECB9FCA234}.Debug|Any CPU.Build.0 = Debug|Any CPU
		{521A630F-29D0-4A6C-B2DD-29ECB9FCA234}.Release|Any CPU.ActiveCfg = Release|Any CPU
		{521A630F-29D0-4A6C-B2DD-29ECB9FCA234}.Release|Any CPU.Build.0 = Release|Any CPU
	EndGlobalSection
	GlobalSection(SolutionProperties) = preSolution
		HideSolutionNode = FALSE
	EndGlobalSection
	GlobalSection(ExtensibilityGlobals) = postSolution
		SolutionGuid = {840D812B-8F8B-4BB1-9453-474DEAC65537}
	EndGlobalSection
EndGlobal
