
Microsoft Visual Studio Solution File, Format Version 12.00
# Visual Studio 15
VisualStudioVersion = 15.0.27703.2026
MinimumVisualStudioVersion = 10.0.40219.1
Project("{FAE04EC0-301F-11D3-BF4B-00C04F79EFBC}") = "Opgave3_OpretOgBlandKort", "Opgave3_OpretOgBlandKort\Opgave3_OpretOgBlandKort.csproj", "{FFDC18C1-8DB1-480B-9489-C292CDD408F7}"
EndProject
Global
	GlobalSection(SolutionConfigurationPlatforms) = preSolution
		Debug|Any CPU = Debug|Any CPU
		Release|Any CPU = Release|Any CPU
	EndGlobalSection
	GlobalSection(ProjectConfigurationPlatforms) = postSolution
		{FFDC18C1-8DB1-480B-9489-C292CDD408F7}.Debug|Any CPU.ActiveCfg = Debug|Any CPU
		{FFDC18C1-8DB1-480B-9489-C292CDD408F7}.Debug|Any CPU.Build.0 = Debug|Any CPU
		{FFDC18C1-8DB1-480B-9489-C292CDD408F7}.Release|Any CPU.ActiveCfg = Release|Any CPU
		{FFDC18C1-8DB1-480B-9489-C292CDD408F7}.Release|Any CPU.Build.0 = Release|Any CPU
	EndGlobalSection
	GlobalSection(SolutionProperties) = preSolution
		HideSolutionNode = FALSE
	EndGlobalSection
	GlobalSection(ExtensibilityGlobals) = postSolution
		SolutionGuid = {8F12E61A-C4F4-4B83-8027-554EAF61F577}
	EndGlobalSection
EndGlobal
